
Microsoft Visual Studio Solution File, Format Version 12.00
# Visual Studio Version 17
VisualStudioVersion = 17.0.32014.148
MinimumVisualStudioVersion = 10.0.40219.1
Project("{FAE04EC0-301F-11D3-BF4B-00C04F79EFBC}") = "RazorPagesMovie", "RazorPagesMovie\RazorPagesMovie.csproj", "{6AD37489-BC62-4CD5-85E0-65233209A134}"
EndProject
Global
	GlobalSection(SolutionConfigurationPlatforms) = preSolution
		Debug|Any CPU = Debug|Any CPU
		Release|Any CPU = Release|Any CPU
	EndGlobalSection
	GlobalSection(ProjectConfigurationPlatforms) = postSolution
		{6AD37489-BC62-4CD5-85E0-65233209A134}.Debug|Any CPU.ActiveCfg = Debug|Any CPU
		{6AD37489-BC62-4CD5-85E0-65233209A134}.Debug|Any CPU.Build.0 = Debug|Any CPU
		{6AD37489-BC62-4CD5-85E0-65233209A134}.Release|Any CPU.ActiveCfg = Release|Any CPU
		{6AD37489-BC62-4CD5-85E0-65233209A134}.Release|Any CPU.Build.0 = Release|Any CPU
	EndGlobalSection
	GlobalSection(SolutionProperties) = preSolution
		HideSolutionNode = FALSE
	EndGlobalSection
	GlobalSection(ExtensibilityGlobals) = postSolution
		SolutionGuid = {254797FC-A17C-4F4C-974F-70316EA40A30}
	EndGlobalSection
EndGlobal
